%{
  "atomlgfx": {:git, "https://github.com/mnishiguchi/atomlgfx.git", "4d19528f77f30a8a03d95380eab4e41170140ad1", []},
  "exatomvm": {:git, "https://github.com/atomvm/ExAtomVM.git", "4e615cd46d1568337a2a21c56ea79776fef85612", []},
  "uf2tool": {:hex, :uf2tool, "1.1.0", "7091931234ca5a256b66ea691983867d51229798622d083f85c1ad779798a734", [:rebar3], [], "hexpm", "1a7e5ca7ef3d19c7a0b0acf3db804b3188e0980884acffa13fd57d733507b73d"},
}
